// !$*UTF8*$!
{
	archiveVersion = 1;
	classes = {
	};
	objectVersion = 50;
	objects = {

/* Begin PBXBuildFile section */
		04895AC9240842C8005C4EC2 /* AppDelegate.m in Sources */ = {isa = PBXBuildFile; fileRef = 04895AC8240842C8005C4EC2 /* AppDelegate.m */; };
		04895ACC240842C8005C4EC2 /* SceneDelegate.m in Sources */ = {isa = PBXBuildFile; fileRef = 04895ACB240842C8005C4EC2 /* SceneDelegate.m */; };
		04895ACF240842C8005C4EC2 /* ViewController.m in Sources */ = {isa = PBXBuildFile; fileRef = 04895ACE240842C8005C4EC2 /* ViewController.m */; };
		04895AD2240842C8005C4EC2 /* Main.storyboard in Resources */ = {isa = PBXBuildFile; fileRef = 04895AD0240842C8005C4EC2 /* Main.storyboard */; };
		04895AD4240842CC005C4EC2 /* Assets.xcassets in Resources */ = {isa = PBXBuildFile; fileRef = 04895AD3240842CC005C4EC2 /* Assets.xcassets */; };
		04895AD7240842CC005C4EC2 /* LaunchScreen.storyboard in Resources */ = {isa = PBXBuildFile; fileRef = 04895AD5240842CC005C4EC2 /* LaunchScreen.storyboard */; };
		04895ADA240842CC005C4EC2 /* main.m in Sources */ = {isa = PBXBuildFile; fileRef = 04895AD9240842CC005C4EC2 /* main.m */; };
/* End PBXBuildFile section */

/* Begin PBXFileReference section */
		04895AC4240842C8005C4EC2 /* exif-objc.app */ = {isa = PBXFileReference; explicitFileType = wrapper.application; includeInIndex = 0; path = "exif-objc.app"; sourceTree = BUILT_PRODUCTS_DIR; };
		04895AC7240842C8005C4EC2 /* AppDelegate.h */ = {isa = PBXFileReference; lastKnownFileType = sourcecode.c.h; path = AppDelegate.h; sourceTree = "<group>"; };
		04895AC8240842C8005C4EC2 /* AppDelegate.m */ = {isa = PBXFileReference; lastKnownFileType = sourcecode.c.objc; path = AppDelegate.m; sourceTree = "<group>"; };
		04895ACA240842C8005C4EC2 /* SceneDelegate.h */ = {isa = PBXFileReference; lastKnownFileType = sourcecode.c.h; path = SceneDelegate.h; sourceTree = "<group>"; };
		04895ACB240842C8005C4EC2 /* SceneDelegate.m */ = {isa = PBXFileReference; lastKnownFileType = sourcecode.c.objc; path = SceneDelegate.m; sourceTree = "<group>"; };
		04895ACD240842C8005C4EC2 /* ViewController.h */ = {isa = PBXFileReference; lastKnownFileType = sourcecode.c.h; path = ViewController.h; sourceTree = "<group>"; };
		04895ACE240842C8005C4EC2 /* ViewController.m */ = {isa = PBXFileReference; lastKnownFileType = sourcecode.c.objc; path = ViewController.m; sourceTree = "<group>"; };
		04895AD1240842C8005C4EC2 /* Base */ = {isa = PBXFileReference; lastKnownFileType = file.storyboard; name = Base; path = Base.lproj/Main.storyboard; sourceTree = "<group>"; };
		04895AD3240842CC005C4EC2 /* Assets.xcassets */ = {isa = PBXFileReference; lastKnownFileType = folder.assetcatalog; path = Assets.xcassets; sourceTree = "<group>"; };
		04895AD6240842CC005C4EC2 /* Base */ = {isa = PBXFileReference; lastKnownFileType = file.storyboard; name = Base; path = Base.lproj/LaunchScreen.storyboard; sourceTree = "<group>"; };
		04895AD8240842CC005C4EC2 /* Info.plist */ = {isa = PBXFileReference; lastKnownFileType = text.plist.xml; path = Info.plist; sourceTree = "<group>"; };
		04895AD9240842CC005C4EC2 /* main.m */ = {isa = PBXFileReference; lastKnownFileType = sourcecode.c.objc; path = main.m; sourceTree = "<group>"; };
/* End PBXFileReference section */

/* Begin PBXFrameworksBuildPhase section */
		04895AC1240842C8005C4EC2 /* Frameworks */ = {
			isa = PBXFrameworksBuildPhase;
			buildActionMask = 2147483647;
			files = (
			);
			runOnlyForDeploymentPostprocessing = 0;
		};
/* End PBXFrameworksBuildPhase section */

/* Begin PBXGroup section */
		04895ABB240842C8005C4EC2 = {
			isa = PBXGroup;
			children = (
				04895AC6240842C8005C4EC2 /* exif-objc */,
				04895AC5240842C8005C4EC2 /* Products */,
			);
			sourceTree = "<group>";
		};
		04895AC5240842C8005C4EC2 /* Products */ = {
			isa = PBXGroup;
			children = (
				04895AC4240842C8005C4EC2 /* exif-objc.app */,
			);
			name = Products;
			sourceTree = "<group>";
		};
		04895AC6240842C8005C4EC2 /* exif-objc */ = {
			isa = PBXGroup;
			children = (
				04895AC7240842C8005C4EC2 /* AppDelegate.h */,
				04895AC8240842C8005C4EC2 /* AppDelegate.m */,
				04895ACA240842C8005C4EC2 /* SceneDelegate.h */,
				04895ACB240842C8005C4EC2 /* SceneDelegate.m */,
				04895ACD240842C8005C4EC2 /* ViewController.h */,
				04895ACE240842C8005C4EC2 /* ViewController.m */,
				04895AD0240842C8005C4EC2 /* Main.storyboard */,
				04895AD3240842CC005C4EC2 /* Assets.xcassets */,
				04895AD5240842CC005C4EC2 /* LaunchScreen.storyboard */,
				04895AD8240842CC005C4EC2 /* Info.plist */,
				04895AD9240842CC005C4EC2 /* main.m */,
			);
			path = "exif-objc";
			sourceTree = "<group>";
		};
/* End PBXGroup section */

/* Begin PBXNativeTarget section */
		04895AC3240842C8005C4EC2 /* exif-objc */ = {
			isa = PBXNativeTarget;
			buildConfigurationList = 04895ADD240842CC005C4EC2 /* Build configuration list for PBXNativeTarget "exif-objc" */;
			buildPhases = (
				04895AC0240842C8005C4EC2 /* Sources */,
				04895AC1240842C8005C4EC2 /* Frameworks */,
				04895AC2240842C8005C4EC2 /* Resources */,
			);
			buildRules = (
			);
			dependencies = (
			);
			name = "exif-objc";
			productName = "exif-objc";
			productReference = 04895AC4240842C8005C4EC2 /* exif-objc.app */;
			productType = "com.apple.product-type.application";
		};
/* End PBXNativeTarget section */

/* Begin PBXProject section */
		04895ABC240842C8005C4EC2 /* Project object */ = {
			isa = PBXProject;
			attributes = {
				LastUpgradeCheck = 1130;
				ORGANIZATIONNAME = Mac;
				TargetAttributes = {
					04895AC3240842C8005C4EC2 = {
						CreatedOnToolsVersion = 11.3.1;
					};
				};
			};
			buildConfigurationList = 04895ABF240842C8005C4EC2 /* Build configuration list for PBXProject "exif-objc" */;
			compatibilityVersion = "Xcode 9.3";
			developmentRegion = en;
			hasScannedForEncodings = 0;
			knownRegions = (
				en,
				Base,
			);
			mainGroup = 04895ABB240842C8005C4EC2;
			productRefGroup = 04895AC5240842C8005C4EC2 /* Products */;
			projectDirPath = "";
			projectRoot = "";
			targets = (
				04895AC3240842C8005C4EC2 /* exif-objc */,
			);
		};
/* End PBXProject section */

/* Begin PBXResourcesBuildPhase section */
		04895AC2240842C8005C4EC2 /* Resources */ = {
			isa = PBXResourcesBuildPhase;
			buildActionMask = 2147483647;
			files = (
				04895AD7240842CC005C4EC2 /* LaunchScreen.storyboard in Resources */,
				04895AD4240842CC005C4EC2 /* Assets.xcassets in Resources */,
				04895AD2240842C8005C4EC2 /* Main.storyboard in Resources */,
			);
			runOnlyForDeploymentPostprocessing = 0;
		};
/* End PBXResourcesBuildPhase section */

/* Begin PBXSourcesBuildPhase section */
		04895AC0240842C8005C4EC2 /* Sources */ = {
			isa = PBXSourcesBuildPhase;
			buildActionMask = 2147483647;
			files = (
				04895ACF240842C8005C4EC2 /* ViewController.m in Sources */,
				04895AC9240842C8005C4EC2 /* AppDelegate.m in Sources */,
				04895ADA240842CC005C4EC2 /* main.m in Sources */,
				04895ACC240842C8005C4EC2 /* SceneDelegate.m in Sources */,
			);
			runOnlyForDeploymentPostprocessing = 0;
		};
/* End PBXSourcesBuildPhase section */

/* Begin PBXVariantGroup section */
		04895AD0240842C8005C4EC2 /* Main.storyboard */ = {
			isa = PBXVariantGroup;
			children = (
				04895AD1240842C8005C4EC2 /* Base */,
			);
			name = Main.storyboard;
			sourceTree = "<group>";
		};
		04895AD5240842CC005C4EC2 /* LaunchScreen.storyboard */ = {
			isa = PBXVariantGroup;
			children = (
				04895AD6240842CC005C4EC2 /* Base */,
			);
			name = LaunchScreen.storyboard;
			sourceTree = "<group>";
		};
/* End PBXVariantGroup section */

/* Begin XCBuildConfiguration section */
		04895ADB240842CC005C4EC2 /* Debug */ = {
			isa = XCBuildConfiguration;
			buildSettings = {
				ALWAYS_SEARCH_USER_PATHS = NO;
				CLANG_ANALYZER_NONNULL = YES;
				CLANG_ANALYZER_NUMBER_OBJECT_CONVERSION = YES_AGGRESSIVE;
				CLANG_CXX_LANGUAGE_STANDARD = "gnu++14";
				CLANG_CXX_LIBRARY = "libc++";
				CLANG_ENABLE_MODULES = YES;
				CLANG_ENABLE_OBJC_ARC = YES;
				CLANG_ENABLE_OBJC_WEAK = YES;
				CLANG_WARN_BLOCK_CAPTURE_AUTORELEASING = YES;
				CLANG_WARN_BOOL_CONVERSION = YES;
				CLANG_WARN_COMMA = YES;
				CLANG_WARN_CONSTANT_CONVERSION = YES;
				CLANG_WARN_DEPRECATED_OBJC_IMPLEMENTATIONS = YES;
				CLANG_WARN_DIRECT_OBJC_ISA_USAGE = YES_ERROR;
				CLANG_WARN_DOCUMENTATION_COMMENTS = YES;
				CLANG_WARN_EMPTY_BODY = YES;
				CLANG_WARN_ENUM_CONVERSION = YES;
				CLANG_WARN_INFINITE_RECURSION = YES;
				CLANG_WARN_INT_CONVERSION = YES;
				CLANG_WARN_NON_LITERAL_NULL_CONVERSION = YES;
				CLANG_WARN_OBJC_IMPLICIT_RETAIN_SELF = YES;
				CLANG_WARN_OBJC_LITERAL_CONVERSION = YES;
				CLANG_WARN_OBJC_ROOT_CLASS = YES_ERROR;
				CLANG_WARN_RANGE_LOOP_ANALYSIS = YES;
				CLANG_WARN_STRICT_PROTOTYPES = YES;
				CLANG_WARN_SUSPICIOUS_MOVE = YES;
				CLANG_WARN_UNGUARDED_AVAILABILITY = YES_AGGRESSIVE;
				CLANG_WARN_UNREACHABLE_CODE = YES;
				CLANG_WARN__DUPLICATE_METHOD_MATCH = YES;
				COPY_PHASE_STRIP = NO;
				DEBUG_INFORMATION_FORMAT = dwarf;
				ENABLE_STRICT_OBJC_MSGSEND = YES;
				ENABLE_TESTABILITY = YES;
				GCC_C_LANGUAGE_STANDARD = gnu11;
				GCC_DYNAMIC_NO_PIC = NO;
				GCC_NO_COMMON_BLOCKS = YES;
				GCC_OPTIMIZATION_LEVEL = 0;
				GCC_PREPROCESSOR_DEFINITIONS = (
					"DEBUG=1",
					"$(inherited)",
				);
				GCC_WARN_64_TO_32_BIT_CONVERSION = YES;
				GCC_WARN_ABOUT_RETURN_TYPE = YES_ERROR;
				GCC_WARN_UNDECLARED_SELECTOR = YES;
				GCC_WARN_UNINITIALIZED_AUTOS = YES_AGGRESSIVE;
				GCC_WARN_UNUSED_FUNCTION = YES;
				GCC_WARN_UNUSED_VARIABLE = YES;
				IPHONEOS_DEPLOYMENT_TARGET = 13.2;
				MTL_ENABLE_DEBUG_INFO = INCLUDE_SOURCE;
				MTL_FAST_MATH = YES;
				ONLY_ACTIVE_ARCH = YES;
				SDKROOT = iphoneos;
			};
			name = Debug;
		};
		04895ADC240842CC005C4EC2 /* Release */ = {
			isa = XCBuildConfiguration;
			buildSettings = {
				ALWAYS_SEARCH_USER_PATHS = NO;
				CLANG_ANALYZER_NONNULL = YES;
				CLANG_ANALYZER_NUMBER_OBJECT_CONVERSION = YES_AGGRESSIVE;
				CLANG_CXX_LANGUAGE_STANDARD = "gnu++14";
				CLANG_CXX_LIBRARY = "libc++";
				CLANG_ENABLE_MODULES = YES;
				CLANG_ENABLE_OBJC_ARC = YES;
				CLANG_ENABLE_OBJC_WEAK = YES;
				CLANG_WARN_BLOCK_CAPTURE_AUTORELEASING = YES;
				CLANG_WARN_BOOL_CONVERSION = YES;
				CLANG_WARN_COMMA = YES;
				CLANG_WARN_CONSTANT_CONVERSION = YES;
				CLANG_WARN_DEPRECATED_OBJC_IMPLEMENTATIONS = YES;
				CLANG_WARN_DIRECT_OBJC_ISA_USAGE = YES_ERROR;
				CLANG_WARN_DOCUMENTATION_COMMENTS = YES;
				CLANG_WARN_EMPTY_BODY = YES;
				CLANG_WARN_ENUM_CONVERSION = YES;
				CLANG_WARN_INFINITE_RECURSION = YES;
				CLANG_WARN_INT_CONVERSION = YES;
				CLANG_WARN_NON_LITERAL_NULL_CONVERSION = YES;
				CLANG_WARN_OBJC_IMPLICIT_RETAIN_SELF = YES;
				CLANG_WARN_OBJC_LITERAL_CONVERSION = YES;
				CLANG_WARN_OBJC_ROOT_CLASS = YES_ERROR;
				CLANG_WARN_RANGE_LOOP_ANALYSIS = YES;
				CLANG_WARN_STRICT_PROTOTYPES = YES;
				CLANG_WARN_SUSPICIOUS_MOVE = YES;
				CLANG_WARN_UNGUARDED_AVAILABILITY = YES_AGGRESSIVE;
				CLANG_WARN_UNREACHABLE_CODE = YES;
				CLANG_WARN__DUPLICATE_METHOD_MATCH = YES;
				COPY_PHASE_STRIP = NO;
				DEBUG_INFORMATION_FORMAT = "dwarf-with-dsym";
				ENABLE_NS_ASSERTIONS = NO;
				ENABLE_STRICT_OBJC_MSGSEND = YES;
				GCC_C_LANGUAGE_STANDARD = gnu11;
				GCC_NO_COMMON_BLOCKS = YES;
				GCC_WARN_64_TO_32_BIT_CONVERSION = YES;
				GCC_WARN_ABOUT_RETURN_TYPE = YES_ERROR;
				GCC_WARN_UNDECLARED_SELECTOR = YES;
				GCC_WARN_UNINITIALIZED_AUTOS = YES_AGGRESSIVE;
				GCC_WARN_UNUSED_FUNCTION = YES;
				GCC_WARN_UNUSED_VARIABLE = YES;
				IPHONEOS_DEPLOYMENT_TARGET = 13.2;
				MTL_ENABLE_DEBUG_INFO = NO;
				MTL_FAST_MATH = YES;
				SDKROOT = iphoneos;
				VALIDATE_PRODUCT = YES;
			};
			name = Release;
		};
		04895ADE240842CC005C4EC2 /* Debug */ = {
			isa = XCBuildConfiguration;
			buildSettings = {
				ASSETCATALOG_COMPILER_APPICON_NAME = AppIcon;
				CODE_SIGN_STYLE = Automatic;
				DEVELOPMENT_TEAM = 3HTNNQ7T85;
				INFOPLIST_FILE = "exif-objc/Info.plist";
				LD_RUNPATH_SEARCH_PATHS = (
					"$(inherited)",
					"@executable_path/Frameworks",
				);
				PRODUCT_BUNDLE_IDENTIFIER = "com.hileomsi.exif-objc";
				PRODUCT_NAME = "$(TARGET_NAME)";
				TARGETED_DEVICE_FAMILY = "1,2";
			};
			name = Debug;
		};
		04895ADF240842CC005C4EC2 /* Release */ = {
			isa = XCBuildConfiguration;
			buildSettings = {
				ASSETCATALOG_COMPILER_APPICON_NAME = AppIcon;
				CODE_SIGN_STYLE = Automatic;
				DEVELOPMENT_TEAM = 3HTNNQ7T85;
				INFOPLIST_FILE = "exif-objc/Info.plist";
				LD_RUNPATH_SEARCH_PATHS = (
					"$(inherited)",
					"@executable_path/Frameworks",
				);
				PRODUCT_BUNDLE_IDENTIFIER = "com.hileomsi.exif-objc";
				PRODUCT_NAME = "$(TARGET_NAME)";
				TARGETED_DEVICE_FAMILY = "1,2";
			};
			name = Release;
		};
/* End XCBuildConfiguration section */

/* Begin XCConfigurationList section */
		04895ABF240842C8005C4EC2 /* Build configuration list for PBXProject "exif-objc" */ = {
			isa = XCConfigurationList;
			buildConfigurations = (
				04895ADB240842CC005C4EC2 /* Debug */,
				04895ADC240842CC005C4EC2 /* Release */,
			);
			defaultConfigurationIsVisible = 0;
			defaultConfigurationName = Release;
		};
		04895ADD240842CC005C4EC2 /* Build configuration list for PBXNativeTarget "exif-objc" */ = {
			isa = XCConfigurationList;
			buildConfigurations = (
				04895ADE240842CC005C4EC2 /* Debug */,
				04895ADF240842CC005C4EC2 /* Release */,
			);
			defaultConfigurationIsVisible = 0;
			defaultConfigurationName = Release;
		};
/* End XCConfigurationList section */
	};
	rootObject = 04895ABC240842C8005C4EC2 /* Project object */;
}
